<Solution>
  <Project Path="Bridge/Bridge.csproj" Id="3f43c58b-1c71-4511-828e-b732cdfbad8c" />
  <Project Path="ClassAdapter/ClassAdapter.csproj" Id="9e45fe0d-7908-4224-8bc0-a32f65767f9b" />
  <Project Path="Composite/Composite.csproj" Id="ea9e66c2-e9fe-4cca-a3d8-ca55b0e73889" />
  <Project Path="Decorator/Decorator.csproj" Id="8d15f1a7-9ad1-4bf4-9c12-e9b2271cc7da" />
  <Project Path="Facade/Facade.csproj" Id="f6f9a8fb-2cfe-4a4f-801d-347e3645acbf" />
  <Project Path="Flyweight/Flyweight.csproj" Id="a95b2ba8-0b26-4726-9a8b-89e45e07bd97" />
  <Project Path="Proxy/Proxy.csproj" Id="28b3b690-a2b2-47db-8e55-117c2a2fd8d4" />
</Solution>
